// !$*UTF8*$!
{
	archiveVersion = 1;
	classes = {
	};
	objectVersion = 48;
	objects = {

/* Begin PBXBuildFile section */
		C2D9DA5E1F83701C0049E382 /* AppDelegate.swift in Sources */ = {isa = PBXBuildFile; fileRef = C2D9DA5D1F83701C0049E382 /* AppDelegate.swift */; };
		C2D9DA601F83701C0049E382 /* ViewController.swift in Sources */ = {isa = PBXBuildFile; fileRef = C2D9DA5F1F83701C0049E382 /* ViewController.swift */; };
		C2D9DA631F83701C0049E382 /* Main.storyboard in Resources */ = {isa = PBXBuildFile; fileRef = C2D9DA611F83701C0049E382 /* Main.storyboard */; };
		C2D9DA651F83701C0049E382 /* Assets.xcassets in Resources */ = {isa = PBXBuildFile; fileRef = C2D9DA641F83701C0049E382 /* Assets.xcassets */; };
		C2D9DA681F83701C0049E382 /* LaunchScreen.storyboard in Resources */ = {isa = PBXBuildFile; fileRef = C2D9DA661F83701C0049E382 /* LaunchScreen.storyboard */; };
/* End PBXBuildFile section */

/* Begin PBXFileReference section */
		C2D9DA5A1F83701C0049E382 /* StatusBarAnimationCrash.app */ = {isa = PBXFileReference; explicitFileType = wrapper.application; includeInIndex = 0; path = StatusBarAnimationCrash.app; sourceTree = BUILT_PRODUCTS_DIR; };
		C2D9DA5D1F83701C0049E382 /* AppDelegate.swift */ = {isa = PBXFileReference; lastKnownFileType = sourcecode.swift; path = AppDelegate.swift; sourceTree = "<group>"; };
		C2D9DA5F1F83701C0049E382 /* ViewController.swift */ = {isa = PBXFileReference; lastKnownFileType = sourcecode.swift; path = ViewController.swift; sourceTree = "<group>"; };
		C2D9DA621F83701C0049E382 /* Base */ = {isa = PBXFileReference; lastKnownFileType = file.storyboard; name = Base; path = Base.lproj/Main.storyboard; sourceTree = "<group>"; };
		C2D9DA641F83701C0049E382 /* Assets.xcassets */ = {isa = PBXFileReference; lastKnownFileType = folder.assetcatalog; path = Assets.xcassets; sourceTree = "<group>"; };
		C2D9DA671F83701C0049E382 /* Base */ = {isa = PBXFileReference; lastKnownFileType = file.storyboard; name = Base; path = Base.lproj/LaunchScreen.storyboard; sourceTree = "<group>"; };
		C2D9DA691F83701C0049E382 /* Info.plist */ = {isa = PBXFileReference; lastKnownFileType = text.plist.xml; path = Info.plist; sourceTree = "<group>"; };
/* End PBXFileReference section */

/* Begin PBXFrameworksBuildPhase section */
		C2D9DA571F83701C0049E382 /* Frameworks */ = {
			isa = PBXFrameworksBuildPhase;
			buildActionMask = 2147483647;
			files = (
			);
			runOnlyForDeploymentPostprocessing = 0;
		};
/* End PBXFrameworksBuildPhase section */

/* Begin PBXGroup section */
		C2D9DA511F83701C0049E382 = {
			isa = PBXGroup;
			children = (
				C2D9DA5C1F83701C0049E382 /* StatusBarAnimationCrash */,
				C2D9DA5B1F83701C0049E382 /* Products */,
			);
			sourceTree = "<group>";
		};
		C2D9DA5B1F83701C0049E382 /* Products */ = {
			isa = PBXGroup;
			children = (
				C2D9DA5A1F83701C0049E382 /* StatusBarAnimationCrash.app */,
			);
			name = Products;
			sourceTree = "<group>";
		};
		C2D9DA5C1F83701C0049E382 /* StatusBarAnimationCrash */ = {
			isa = PBXGroup;
			children = (
				C2D9DA5D1F83701C0049E382 /* AppDelegate.swift */,
				C2D9DA5F1F83701C0049E382 /* ViewController.swift */,
				C2D9DA611F83701C0049E382 /* Main.storyboard */,
				C2D9DA641F83701C0049E382 /* Assets.xcassets */,
				C2D9DA661F83701C0049E382 /* LaunchScreen.storyboard */,
				C2D9DA691F83701C0049E382 /* Info.plist */,
			);
			path = StatusBarAnimationCrash;
			sourceTree = "<group>";
		};
/* End PBXGroup section */

/* Begin PBXNativeTarget section */
		C2D9DA591F83701C0049E382 /* StatusBarAnimationCrash */ = {
			isa = PBXNativeTarget;
			buildConfigurationList = C2D9DA6C1F83701C0049E382 /* Build configuration list for PBXNativeTarget "StatusBarAnimationCrash" */;
			buildPhases = (
				C2D9DA561F83701C0049E382 /* Sources */,
				C2D9DA571F83701C0049E382 /* Frameworks */,
				C2D9DA581F83701C0049E382 /* Resources */,
			);
			buildRules = (
			);
			dependencies = (
			);
			name = StatusBarAnimationCrash;
			productName = StatusBarAnimationCrash;
			productReference = C2D9DA5A1F83701C0049E382 /* StatusBarAnimationCrash.app */;
			productType = "com.apple.product-type.application";
		};
/* End PBXNativeTarget section */

/* Begin PBXProject section */
		C2D9DA521F83701C0049E382 /* Project object */ = {
			isa = PBXProject;
			attributes = {
				LastSwiftUpdateCheck = 0900;
				LastUpgradeCheck = 0900;
				ORGANIZATIONNAME = SmileyKeith;
				TargetAttributes = {
					C2D9DA591F83701C0049E382 = {
						CreatedOnToolsVersion = 9.0;
						ProvisioningStyle = Automatic;
					};
				};
			};
			buildConfigurationList = C2D9DA551F83701C0049E382 /* Build configuration list for PBXProject "StatusBarAnimationCrash" */;
			compatibilityVersion = "Xcode 8.0";
			developmentRegion = en;
			hasScannedForEncodings = 0;
			knownRegions = (
				en,
				Base,
			);
			mainGroup = C2D9DA511F83701C0049E382;
			productRefGroup = C2D9DA5B1F83701C0049E382 /* Products */;
			projectDirPath = "";
			projectRoot = "";
			targets = (
				C2D9DA591F83701C0049E382 /* StatusBarAnimationCrash */,
			);
		};
/* End PBXProject section */

/* Begin PBXResourcesBuildPhase section */
		C2D9DA581F83701C0049E382 /* Resources */ = {
			isa = PBXResourcesBuildPhase;
			buildActionMask = 2147483647;
			files = (
				C2D9DA681F83701C0049E382 /* LaunchScreen.storyboard in Resources */,
				C2D9DA651F83701C0049E382 /* Assets.xcassets in Resources */,
				C2D9DA631F83701C0049E382 /* Main.storyboard in Resources */,
			);
			runOnlyForDeploymentPostprocessing = 0;
		};
/* End PBXResourcesBuildPhase section */

/* Begin PBXSourcesBuildPhase section */
		C2D9DA561F83701C0049E382 /* Sources */ = {
			isa = PBXSourcesBuildPhase;
			buildActionMask = 2147483647;
			files = (
				C2D9DA601F83701C0049E382 /* ViewController.swift in Sources */,
				C2D9DA5E1F83701C0049E382 /* AppDelegate.swift in Sources */,
			);
			runOnlyForDeploymentPostprocessing = 0;
		};
/* End PBXSourcesBuildPhase section */

/* Begin PBXVariantGroup section */
		C2D9DA611F83701C0049E382 /* Main.storyboard */ = {
			isa = PBXVariantGroup;
			children = (
				C2D9DA621F83701C0049E382 /* Base */,
			);
			name = Main.storyboard;
			sourceTree = "<group>";
		};
		C2D9DA661F83701C0049E382 /* LaunchScreen.storyboard */ = {
			isa = PBXVariantGroup;
			children = (
				C2D9DA671F83701C0049E382 /* Base */,
			);
			name = LaunchScreen.storyboard;
			sourceTree = "<group>";
		};
/* End PBXVariantGroup section */

/* Begin XCBuildConfiguration section */
		C2D9DA6A1F83701C0049E382 /* Debug */ = {
			isa = XCBuildConfiguration;
			buildSettings = {
				ALWAYS_SEARCH_USER_PATHS = NO;
				CLANG_ANALYZER_NONNULL = YES;
				CLANG_ANALYZER_NUMBER_OBJECT_CONVERSION = YES_AGGRESSIVE;
				CLANG_CXX_LANGUAGE_STANDARD = "gnu++14";
				CLANG_CXX_LIBRARY = "libc++";
				CLANG_ENABLE_MODULES = YES;
				CLANG_ENABLE_OBJC_ARC = YES;
				CLANG_WARN_BLOCK_CAPTURE_AUTORELEASING = YES;
				CLANG_WARN_BOOL_CONVERSION = YES;
				CLANG_WARN_COMMA = YES;
				CLANG_WARN_CONSTANT_CONVERSION = YES;
				CLANG_WARN_DIRECT_OBJC_ISA_USAGE = YES_ERROR;
				CLANG_WARN_DOCUMENTATION_COMMENTS = YES;
				CLANG_WARN_EMPTY_BODY = YES;
				CLANG_WARN_ENUM_CONVERSION = YES;
				CLANG_WARN_INFINITE_RECURSION = YES;
				CLANG_WARN_INT_CONVERSION = YES;
				CLANG_WARN_NON_LITERAL_NULL_CONVERSION = YES;
				CLANG_WARN_OBJC_LITERAL_CONVERSION = YES;
				CLANG_WARN_OBJC_ROOT_CLASS = YES_ERROR;
				CLANG_WARN_RANGE_LOOP_ANALYSIS = YES;
				CLANG_WARN_STRICT_PROTOTYPES = YES;
				CLANG_WARN_SUSPICIOUS_MOVE = YES;
				CLANG_WARN_UNGUARDED_AVAILABILITY = YES_AGGRESSIVE;
				CLANG_WARN_UNREACHABLE_CODE = YES;
				CLANG_WARN__DUPLICATE_METHOD_MATCH = YES;
				CODE_SIGN_IDENTITY = "iPhone Developer";
				COPY_PHASE_STRIP = NO;
				DEBUG_INFORMATION_FORMAT = dwarf;
				ENABLE_STRICT_OBJC_MSGSEND = YES;
				ENABLE_TESTABILITY = YES;
				GCC_C_LANGUAGE_STANDARD = gnu11;
				GCC_DYNAMIC_NO_PIC = NO;
				GCC_NO_COMMON_BLOCKS = YES;
				GCC_OPTIMIZATION_LEVEL = 0;
				GCC_PREPROCESSOR_DEFINITIONS = (
					"DEBUG=1",
					"$(inherited)",
				);
				GCC_WARN_64_TO_32_BIT_CONVERSION = YES;
				GCC_WARN_ABOUT_RETURN_TYPE = YES_ERROR;
				GCC_WARN_UNDECLARED_SELECTOR = YES;
				GCC_WARN_UNINITIALIZED_AUTOS = YES_AGGRESSIVE;
				GCC_WARN_UNUSED_FUNCTION = YES;
				GCC_WARN_UNUSED_VARIABLE = YES;
				IPHONEOS_DEPLOYMENT_TARGET = 11.0;
				MTL_ENABLE_DEBUG_INFO = YES;
				ONLY_ACTIVE_ARCH = YES;
				SDKROOT = iphoneos;
				SWIFT_ACTIVE_COMPILATION_CONDITIONS = DEBUG;
				SWIFT_OPTIMIZATION_LEVEL = "-Onone";
			};
			name = Debug;
		};
		C2D9DA6B1F83701C0049E382 /* Release */ = {
			isa = XCBuildConfiguration;
			buildSettings = {
				ALWAYS_SEARCH_USER_PATHS = NO;
				CLANG_ANALYZER_NONNULL = YES;
				CLANG_ANALYZER_NUMBER_OBJECT_CONVERSION = YES_AGGRESSIVE;
				CLANG_CXX_LANGUAGE_STANDARD = "gnu++14";
				CLANG_CXX_LIBRARY = "libc++";
				CLANG_ENABLE_MODULES = YES;
				CLANG_ENABLE_OBJC_ARC = YES;
				CLANG_WARN_BLOCK_CAPTURE_AUTORELEASING = YES;
				CLANG_WARN_BOOL_CONVERSION = YES;
				CLANG_WARN_COMMA = YES;
				CLANG_WARN_CONSTANT_CONVERSION = YES;
				CLANG_WARN_DIRECT_OBJC_ISA_USAGE = YES_ERROR;
				CLANG_WARN_DOCUMENTATION_COMMENTS = YES;
				CLANG_WARN_EMPTY_BODY = YES;
				CLANG_WARN_ENUM_CONVERSION = YES;
				CLANG_WARN_INFINITE_RECURSION = YES;
				CLANG_WARN_INT_CONVERSION = YES;
				CLANG_WARN_NON_LITERAL_NULL_CONVERSION = YES;
				CLANG_WARN_OBJC_LITERAL_CONVERSION = YES;
				CLANG_WARN_OBJC_ROOT_CLASS = YES_ERROR;
				CLANG_WARN_RANGE_LOOP_ANALYSIS = YES;
				CLANG_WARN_STRICT_PROTOTYPES = YES;
				CLANG_WARN_SUSPICIOUS_MOVE = YES;
				CLANG_WARN_UNGUARDED_AVAILABILITY = YES_AGGRESSIVE;
				CLANG_WARN_UNREACHABLE_CODE = YES;
				CLANG_WARN__DUPLICATE_METHOD_MATCH = YES;
				CODE_SIGN_IDENTITY = "iPhone Developer";
				COPY_PHASE_STRIP = NO;
				DEBUG_INFORMATION_FORMAT = "dwarf-with-dsym";
				ENABLE_NS_ASSERTIONS = NO;
				ENABLE_STRICT_OBJC_MSGSEND = YES;
				GCC_C_LANGUAGE_STANDARD = gnu11;
				GCC_NO_COMMON_BLOCKS = YES;
				GCC_WARN_64_TO_32_BIT_CONVERSION = YES;
				GCC_WARN_ABOUT_RETURN_TYPE = YES_ERROR;
				GCC_WARN_UNDECLARED_SELECTOR = YES;
				GCC_WARN_UNINITIALIZED_AUTOS = YES_AGGRESSIVE;
				GCC_WARN_UNUSED_FUNCTION = YES;
				GCC_WARN_UNUSED_VARIABLE = YES;
				IPHONEOS_DEPLOYMENT_TARGET = 11.0;
				MTL_ENABLE_DEBUG_INFO = NO;
				SDKROOT = iphoneos;
				SWIFT_OPTIMIZATION_LEVEL = "-Owholemodule";
				VALIDATE_PRODUCT = YES;
			};
			name = Release;
		};
		C2D9DA6D1F83701C0049E382 /* Debug */ = {
			isa = XCBuildConfiguration;
			buildSettings = {
				ASSETCATALOG_COMPILER_APPICON_NAME = AppIcon;
				CODE_SIGN_STYLE = Automatic;
				INFOPLIST_FILE = StatusBarAnimationCrash/Info.plist;
				IPHONEOS_DEPLOYMENT_TARGET = 10;
				LD_RUNPATH_SEARCH_PATHS = "$(inherited) @executable_path/Frameworks";
				PRODUCT_BUNDLE_IDENTIFIER = com.smileykeith.StatusBarAnimationCrash;
				PRODUCT_NAME = "$(TARGET_NAME)";
				SWIFT_VERSION = 4.0;
				TARGETED_DEVICE_FAMILY = "1,2";
			};
			name = Debug;
		};
		C2D9DA6E1F83701C0049E382 /* Release */ = {
			isa = XCBuildConfiguration;
			buildSettings = {
				ASSETCATALOG_COMPILER_APPICON_NAME = AppIcon;
				CODE_SIGN_STYLE = Automatic;
				INFOPLIST_FILE = StatusBarAnimationCrash/Info.plist;
				IPHONEOS_DEPLOYMENT_TARGET = 10;
				LD_RUNPATH_SEARCH_PATHS = "$(inherited) @executable_path/Frameworks";
				PRODUCT_BUNDLE_IDENTIFIER = com.smileykeith.StatusBarAnimationCrash;
				PRODUCT_NAME = "$(TARGET_NAME)";
				SWIFT_VERSION = 4.0;
				TARGETED_DEVICE_FAMILY = "1,2";
			};
			name = Release;
		};
/* End XCBuildConfiguration section */

/* Begin XCConfigurationList section */
		C2D9DA551F83701C0049E382 /* Build configuration list for PBXProject "StatusBarAnimationCrash" */ = {
			isa = XCConfigurationList;
			buildConfigurations = (
				C2D9DA6A1F83701C0049E382 /* Debug */,
				C2D9DA6B1F83701C0049E382 /* Release */,
			);
			defaultConfigurationIsVisible = 0;
			defaultConfigurationName = Release;
		};
		C2D9DA6C1F83701C0049E382 /* Build configuration list for PBXNativeTarget "StatusBarAnimationCrash" */ = {
			isa = XCConfigurationList;
			buildConfigurations = (
				C2D9DA6D1F83701C0049E382 /* Debug */,
				C2D9DA6E1F83701C0049E382 /* Release */,
			);
			defaultConfigurationIsVisible = 0;
			defaultConfigurationName = Release;
		};
/* End XCConfigurationList section */
	};
	rootObject = C2D9DA521F83701C0049E382 /* Project object */;
}
